
Microsoft Visual Studio Solution File, Format Version 12.00
# Visual Studio Version 16
VisualStudioVersion = 16.0.32106.194
MinimumVisualStudioVersion = 10.0.40219.1
Project("{FAE04EC0-301F-11D3-BF4B-00C04F79EFBC}") = "LoopsAndRandomNumbers", "LoopsAndRandomNumbers\LoopsAndRandomNumbers.csproj", "{B9F41B85-DDF3-46AF-A272-FD5C10496C71}"
EndProject
Project("{FAE04EC0-301F-11D3-BF4B-00C04F79EFBC}") = "PINInfiniteLoop", "PINInfiniteLoop\PINInfiniteLoop.csproj", "{796AD2F3-E555-4A31-865B-464A2760A7CE}"
EndProject
Project("{FAE04EC0-301F-11D3-BF4B-00C04F79EFBC}") = "RandomNumber", "RandomNumber\RandomNumber.csproj", "{5D4D3973-A683-468A-B78F-0C1BB2F94788}"
EndProject
Project("{FAE04EC0-301F-11D3-BF4B-00C04F79EFBC}") = "GuessingGameInfinite", "GuessingGameInfinite\GuessingGameInfinite.csproj", "{3DA0B100-B78A-4477-B007-1ED7038B3919}"
EndProject
Project("{FAE04EC0-301F-11D3-BF4B-00C04F79EFBC}") = "GuessingGameThreeTries", "GuessingGameThreeTries\GuessingGameThreeTries.csproj", "{F16133A0-8768-45AE-8296-3D1AF7CEECF0}"
EndProject
Global
	GlobalSection(SolutionConfigurationPlatforms) = preSolution
		Debug|Any CPU = Debug|Any CPU
		Release|Any CPU = Release|Any CPU
	EndGlobalSection
	GlobalSection(ProjectConfigurationPlatforms) = postSolution
		{B9F41B85-DDF3-46AF-A272-FD5C10496C71}.Debug|Any CPU.ActiveCfg = Debug|Any CPU
		{B9F41B85-DDF3-46AF-A272-FD5C10496C71}.Debug|Any CPU.Build.0 = Debug|Any CPU
		{B9F41B85-DDF3-46AF-A272-FD5C10496C71}.Release|Any CPU.ActiveCfg = Release|Any CPU
		{B9F41B85-DDF3-46AF-A272-FD5C10496C71}.Release|Any CPU.Build.0 = Release|Any CPU
		{796AD2F3-E555-4A31-865B-464A2760A7CE}.Debug|Any CPU.ActiveCfg = Debug|Any CPU
		{796AD2F3-E555-4A31-865B-464A2760A7CE}.Debug|Any CPU.Build.0 = Debug|Any CPU
		{796AD2F3-E555-4A31-865B-464A2760A7CE}.Release|Any CPU.ActiveCfg = Release|Any CPU
		{796AD2F3-E555-4A31-865B-464A2760A7CE}.Release|Any CPU.Build.0 = Release|Any CPU
		{5D4D3973-A683-468A-B78F-0C1BB2F94788}.Debug|Any CPU.ActiveCfg = Debug|Any CPU
		{5D4D3973-A683-468A-B78F-0C1BB2F94788}.Debug|Any CPU.Build.0 = Debug|Any CPU
		{5D4D3973-A683-468A-B78F-0C1BB2F94788}.Release|Any CPU.ActiveCfg = Release|Any CPU
		{5D4D3973-A683-468A-B78F-0C1BB2F94788}.Release|Any CPU.Build.0 = Release|Any CPU
		{3DA0B100-B78A-4477-B007-1ED7038B3919}.Debug|Any CPU.ActiveCfg = Debug|Any CPU
		{3DA0B100-B78A-4477-B007-1ED7038B3919}.Debug|Any CPU.Build.0 = Debug|Any CPU
		{3DA0B100-B78A-4477-B007-1ED7038B3919}.Release|Any CPU.ActiveCfg = Release|Any CPU
		{3DA0B100-B78A-4477-B007-1ED7038B3919}.Release|Any CPU.Build.0 = Release|Any CPU
		{F16133A0-8768-45AE-8296-3D1AF7CEECF0}.Debug|Any CPU.ActiveCfg = Debug|Any CPU
		{F16133A0-8768-45AE-8296-3D1AF7CEECF0}.Debug|Any CPU.Build.0 = Debug|Any CPU
		{F16133A0-8768-45AE-8296-3D1AF7CEECF0}.Release|Any CPU.ActiveCfg = Release|Any CPU
		{F16133A0-8768-45AE-8296-3D1AF7CEECF0}.Release|Any CPU.Build.0 = Release|Any CPU
	EndGlobalSection
	GlobalSection(SolutionProperties) = preSolution
		HideSolutionNode = FALSE
	EndGlobalSection
	GlobalSection(ExtensibilityGlobals) = postSolution
		SolutionGuid = {5463DAF1-E206-46DA-BFDA-8AFB025B3F6C}
	EndGlobalSection
EndGlobal
